// !$*UTF8*$!
{
	archiveVersion = 1;
	classes = {
	};
	objectVersion = 46;
	objects = {

/* Begin PBXBuildFile section */
		2AED68836D19B23C3805FA4F /* Pods_OmnieCommerce.framework in Frameworks */ = {isa = PBXBuildFile; fileRef = A7BBCD9A2BBB6D643C1B64E4 /* Pods_OmnieCommerce.framework */; };
		B1228FAD1DD44D3400A90FBB /* TopBarView.swift in Sources */ = {isa = PBXBuildFile; fileRef = B1228FAC1DD44D3400A90FBB /* TopBarView.swift */; };
		B1228FAF1DD44D5900A90FBB /* TopBarView.xib in Resources */ = {isa = PBXBuildFile; fileRef = B1228FAE1DD44D5800A90FBB /* TopBarView.xib */; };
		B1228FB21DD47C9F00A90FBB /* MenuViewCell.swift in Sources */ = {isa = PBXBuildFile; fileRef = B1228FB11DD47C9F00A90FBB /* MenuViewCell.swift */; };
		B1228FB51DD4856A00A90FBB /* MenuItem.swift in Sources */ = {isa = PBXBuildFile; fileRef = B1228FB41DD4856A00A90FBB /* MenuItem.swift */; };
		B1228FBA1DD49ED400A90FBB /* BaseViewController.swift in Sources */ = {isa = PBXBuildFile; fileRef = B1228FB91DD49ED400A90FBB /* BaseViewController.swift */; };
		B1228FBD1DD4BEAB00A90FBB /* CircleButton.swift in Sources */ = {isa = PBXBuildFile; fileRef = B1228FBC1DD4BEAB00A90FBB /* CircleButton.swift */; };
		B122F1BF1DD3575E0018A701 /* SlideMenuShow.storyboard in Resources */ = {isa = PBXBuildFile; fileRef = B122F1BE1DD3575E0018A701 /* SlideMenuShow.storyboard */; };
		B122F1DB1DD35B760018A701 /* OrdersShowConfigurator.swift in Sources */ = {isa = PBXBuildFile; fileRef = B122F1D41DD35B760018A701 /* OrdersShowConfigurator.swift */; };
		B122F1DC1DD35B760018A701 /* OrdersShowInteractor.swift in Sources */ = {isa = PBXBuildFile; fileRef = B122F1D51DD35B760018A701 /* OrdersShowInteractor.swift */; };
		B122F1DD1DD35B760018A701 /* OrdersShowModels.swift in Sources */ = {isa = PBXBuildFile; fileRef = B122F1D61DD35B760018A701 /* OrdersShowModels.swift */; };
		B122F1DE1DD35B760018A701 /* OrdersShowPresenter.swift in Sources */ = {isa = PBXBuildFile; fileRef = B122F1D71DD35B760018A701 /* OrdersShowPresenter.swift */; };
		B122F1DF1DD35B760018A701 /* OrdersShowRouter.swift in Sources */ = {isa = PBXBuildFile; fileRef = B122F1D81DD35B760018A701 /* OrdersShowRouter.swift */; };
		B122F1E01DD35B760018A701 /* OrdersShowViewController.swift in Sources */ = {isa = PBXBuildFile; fileRef = B122F1D91DD35B760018A701 /* OrdersShowViewController.swift */; };
		B122F1E11DD35B760018A701 /* OrdersShowWorker.swift in Sources */ = {isa = PBXBuildFile; fileRef = B122F1DA1DD35B760018A701 /* OrdersShowWorker.swift */; };
		B122F1E91DD35BA70018A701 /* MessagesShowConfigurator.swift in Sources */ = {isa = PBXBuildFile; fileRef = B122F1E21DD35BA70018A701 /* MessagesShowConfigurator.swift */; };
		B122F1EA1DD35BA70018A701 /* MessagesShowInteractor.swift in Sources */ = {isa = PBXBuildFile; fileRef = B122F1E31DD35BA70018A701 /* MessagesShowInteractor.swift */; };
		B122F1EB1DD35BA70018A701 /* MessagesShowModels.swift in Sources */ = {isa = PBXBuildFile; fileRef = B122F1E41DD35BA70018A701 /* MessagesShowModels.swift */; };
		B122F1EC1DD35BA70018A701 /* MessagesShowPresenter.swift in Sources */ = {isa = PBXBuildFile; fileRef = B122F1E51DD35BA70018A701 /* MessagesShowPresenter.swift */; };
		B122F1ED1DD35BA70018A701 /* MessagesShowRouter.swift in Sources */ = {isa = PBXBuildFile; fileRef = B122F1E61DD35BA70018A701 /* MessagesShowRouter.swift */; };
		B122F1EE1DD35BA70018A701 /* MessagesShowViewController.swift in Sources */ = {isa = PBXBuildFile; fileRef = B122F1E71DD35BA70018A701 /* MessagesShowViewController.swift */; };
		B122F1EF1DD35BA70018A701 /* MessagesShowWorker.swift in Sources */ = {isa = PBXBuildFile; fileRef = B122F1E81DD35BA70018A701 /* MessagesShowWorker.swift */; };
		B122F1F71DD35BC70018A701 /* FavoriteShowConfigurator.swift in Sources */ = {isa = PBXBuildFile; fileRef = B122F1F01DD35BC70018A701 /* FavoriteShowConfigurator.swift */; };
		B122F1F81DD35BC70018A701 /* FavoriteShowInteractor.swift in Sources */ = {isa = PBXBuildFile; fileRef = B122F1F11DD35BC70018A701 /* FavoriteShowInteractor.swift */; };
		B122F1F91DD35BC70018A701 /* FavoriteShowModels.swift in Sources */ = {isa = PBXBuildFile; fileRef = B122F1F21DD35BC70018A701 /* FavoriteShowModels.swift */; };
		B122F1FA1DD35BC70018A701 /* FavoriteShowPresenter.swift in Sources */ = {isa = PBXBuildFile; fileRef = B122F1F31DD35BC70018A701 /* FavoriteShowPresenter.swift */; };
		B122F1FB1DD35BC70018A701 /* FavoriteShowRouter.swift in Sources */ = {isa = PBXBuildFile; fileRef = B122F1F41DD35BC70018A701 /* FavoriteShowRouter.swift */; };
		B122F1FC1DD35BC70018A701 /* FavoriteShowViewController.swift in Sources */ = {isa = PBXBuildFile; fileRef = B122F1F51DD35BC70018A701 /* FavoriteShowViewController.swift */; };
		B122F1FD1DD35BC70018A701 /* FavoriteShowWorker.swift in Sources */ = {isa = PBXBuildFile; fileRef = B122F1F61DD35BC70018A701 /* FavoriteShowWorker.swift */; };
		B122F2051DD35BEB0018A701 /* CategoriesShowConfigurator.swift in Sources */ = {isa = PBXBuildFile; fileRef = B122F1FE1DD35BEB0018A701 /* CategoriesShowConfigurator.swift */; };
		B122F2061DD35BEB0018A701 /* CategoriesShowInteractor.swift in Sources */ = {isa = PBXBuildFile; fileRef = B122F1FF1DD35BEB0018A701 /* CategoriesShowInteractor.swift */; };
		B122F2071DD35BEB0018A701 /* CategoriesShowModels.swift in Sources */ = {isa = PBXBuildFile; fileRef = B122F2001DD35BEB0018A701 /* CategoriesShowModels.swift */; };
		B122F2081DD35BEB0018A701 /* CategoriesShowPresenter.swift in Sources */ = {isa = PBXBuildFile; fileRef = B122F2011DD35BEB0018A701 /* CategoriesShowPresenter.swift */; };
		B122F2091DD35BEB0018A701 /* CategoriesShowRouter.swift in Sources */ = {isa = PBXBuildFile; fileRef = B122F2021DD35BEB0018A701 /* CategoriesShowRouter.swift */; };
		B122F20A1DD35BEB0018A701 /* CategoriesShowViewController.swift in Sources */ = {isa = PBXBuildFile; fileRef = B122F2031DD35BEB0018A701 /* CategoriesShowViewController.swift */; };
		B122F20B1DD35BEB0018A701 /* CategoriesShowWorker.swift in Sources */ = {isa = PBXBuildFile; fileRef = B122F2041DD35BEB0018A701 /* CategoriesShowWorker.swift */; };
		B122F2131DD35C2C0018A701 /* NewsShowConfigurator.swift in Sources */ = {isa = PBXBuildFile; fileRef = B122F20C1DD35C2C0018A701 /* NewsShowConfigurator.swift */; };
		B122F2141DD35C2C0018A701 /* NewsShowInteractor.swift in Sources */ = {isa = PBXBuildFile; fileRef = B122F20D1DD35C2C0018A701 /* NewsShowInteractor.swift */; };
		B122F2151DD35C2C0018A701 /* NewsShowModels.swift in Sources */ = {isa = PBXBuildFile; fileRef = B122F20E1DD35C2C0018A701 /* NewsShowModels.swift */; };
		B122F2161DD35C2C0018A701 /* NewsShowPresenter.swift in Sources */ = {isa = PBXBuildFile; fileRef = B122F20F1DD35C2C0018A701 /* NewsShowPresenter.swift */; };
		B122F2171DD35C2C0018A701 /* NewsShowRouter.swift in Sources */ = {isa = PBXBuildFile; fileRef = B122F2101DD35C2C0018A701 /* NewsShowRouter.swift */; };
		B122F2181DD35C2C0018A701 /* NewsShowViewController.swift in Sources */ = {isa = PBXBuildFile; fileRef = B122F2111DD35C2C0018A701 /* NewsShowViewController.swift */; };
		B122F2191DD35C2C0018A701 /* NewsShowWorker.swift in Sources */ = {isa = PBXBuildFile; fileRef = B122F2121DD35C2C0018A701 /* NewsShowWorker.swift */; };
		B122F2221DD35CC80018A701 /* SlideMenuShowConfigurator.swift in Sources */ = {isa = PBXBuildFile; fileRef = B122F21B1DD35CC80018A701 /* SlideMenuShowConfigurator.swift */; };
		B122F2231DD35CC80018A701 /* SlideMenuShowInteractor.swift in Sources */ = {isa = PBXBuildFile; fileRef = B122F21C1DD35CC80018A701 /* SlideMenuShowInteractor.swift */; };
		B122F2241DD35CC80018A701 /* SlideMenuShowModels.swift in Sources */ = {isa = PBXBuildFile; fileRef = B122F21D1DD35CC80018A701 /* SlideMenuShowModels.swift */; };
		B122F2251DD35CC80018A701 /* SlideMenuShowPresenter.swift in Sources */ = {isa = PBXBuildFile; fileRef = B122F21E1DD35CC80018A701 /* SlideMenuShowPresenter.swift */; };
		B122F2261DD35CC80018A701 /* SlideMenuShowRouter.swift in Sources */ = {isa = PBXBuildFile; fileRef = B122F21F1DD35CC80018A701 /* SlideMenuShowRouter.swift */; };
		B122F2271DD35CC80018A701 /* SlideMenuShowViewController.swift in Sources */ = {isa = PBXBuildFile; fileRef = B122F2201DD35CC80018A701 /* SlideMenuShowViewController.swift */; };
		B122F2281DD35CC80018A701 /* SlideMenuShowWorker.swift in Sources */ = {isa = PBXBuildFile; fileRef = B122F2211DD35CC80018A701 /* SlideMenuShowWorker.swift */; };
		B122F22A1DD35D6F0018A701 /* OrdersShow.storyboard in Resources */ = {isa = PBXBuildFile; fileRef = B122F2291DD35D6F0018A701 /* OrdersShow.storyboard */; };
		B122F22C1DD35E550018A701 /* MessagesShow.storyboard in Resources */ = {isa = PBXBuildFile; fileRef = B122F22B1DD35E550018A701 /* MessagesShow.storyboard */; };
		B122F22E1DD35ECC0018A701 /* FavoriteShow.storyboard in Resources */ = {isa = PBXBuildFile; fileRef = B122F22D1DD35ECC0018A701 /* FavoriteShow.storyboard */; };
		B122F2301DD35EE10018A701 /* CategoriesShow.storyboard in Resources */ = {isa = PBXBuildFile; fileRef = B122F22F1DD35EE10018A701 /* CategoriesShow.storyboard */; };
		B122F2321DD35EF10018A701 /* NewsShow.storyboard in Resources */ = {isa = PBXBuildFile; fileRef = B122F2311DD35EF10018A701 /* NewsShow.storyboard */; };
		B122F2411DD371B30018A701 /* BaseNavigationController.swift in Sources */ = {isa = PBXBuildFile; fileRef = B122F2401DD371B30018A701 /* BaseNavigationController.swift */; };
		B122F2481DD393330018A701 /* Localizable.strings in Resources */ = {isa = PBXBuildFile; fileRef = B122F24A1DD393330018A701 /* Localizable.strings */; };
		B14E97481DD8B042001E1DE2 /* SignInShowConfigurator.swift in Sources */ = {isa = PBXBuildFile; fileRef = B14E97411DD8B042001E1DE2 /* SignInShowConfigurator.swift */; };
		B14E97491DD8B042001E1DE2 /* SignInShowInteractor.swift in Sources */ = {isa = PBXBuildFile; fileRef = B14E97421DD8B042001E1DE2 /* SignInShowInteractor.swift */; };
		B14E974A1DD8B042001E1DE2 /* SignInShowModels.swift in Sources */ = {isa = PBXBuildFile; fileRef = B14E97431DD8B042001E1DE2 /* SignInShowModels.swift */; };
		B14E974B1DD8B042001E1DE2 /* SignInShowPresenter.swift in Sources */ = {isa = PBXBuildFile; fileRef = B14E97441DD8B042001E1DE2 /* SignInShowPresenter.swift */; };
		B14E974C1DD8B042001E1DE2 /* SignInShowRouter.swift in Sources */ = {isa = PBXBuildFile; fileRef = B14E97451DD8B042001E1DE2 /* SignInShowRouter.swift */; };
		B14E974D1DD8B042001E1DE2 /* SignInShowViewController.swift in Sources */ = {isa = PBXBuildFile; fileRef = B14E97461DD8B042001E1DE2 /* SignInShowViewController.swift */; };
		B14E974E1DD8B042001E1DE2 /* SignInShowWorker.swift in Sources */ = {isa = PBXBuildFile; fileRef = B14E97471DD8B042001E1DE2 /* SignInShowWorker.swift */; };
		B14E97561DD8B052001E1DE2 /* SignUpShowConfigurator.swift in Sources */ = {isa = PBXBuildFile; fileRef = B14E974F1DD8B052001E1DE2 /* SignUpShowConfigurator.swift */; };
		B14E97571DD8B052001E1DE2 /* SignUpShowInteractor.swift in Sources */ = {isa = PBXBuildFile; fileRef = B14E97501DD8B052001E1DE2 /* SignUpShowInteractor.swift */; };
		B14E97581DD8B052001E1DE2 /* SignUpShowModels.swift in Sources */ = {isa = PBXBuildFile; fileRef = B14E97511DD8B052001E1DE2 /* SignUpShowModels.swift */; };
		B14E97591DD8B052001E1DE2 /* SignUpShowPresenter.swift in Sources */ = {isa = PBXBuildFile; fileRef = B14E97521DD8B052001E1DE2 /* SignUpShowPresenter.swift */; };
		B14E975A1DD8B052001E1DE2 /* SignUpShowRouter.swift in Sources */ = {isa = PBXBuildFile; fileRef = B14E97531DD8B052001E1DE2 /* SignUpShowRouter.swift */; };
		B14E975B1DD8B052001E1DE2 /* SignUpShowViewController.swift in Sources */ = {isa = PBXBuildFile; fileRef = B14E97541DD8B052001E1DE2 /* SignUpShowViewController.swift */; };
		B14E975C1DD8B052001E1DE2 /* SignUpShowWorker.swift in Sources */ = {isa = PBXBuildFile; fileRef = B14E97551DD8B052001E1DE2 /* SignUpShowWorker.swift */; };
		B14E97641DD8B05E001E1DE2 /* ForgotPasswordShowConfigurator.swift in Sources */ = {isa = PBXBuildFile; fileRef = B14E975D1DD8B05E001E1DE2 /* ForgotPasswordShowConfigurator.swift */; };
		B14E97651DD8B05E001E1DE2 /* ForgotPasswordShowInteractor.swift in Sources */ = {isa = PBXBuildFile; fileRef = B14E975E1DD8B05E001E1DE2 /* ForgotPasswordShowInteractor.swift */; };
		B14E97661DD8B05E001E1DE2 /* ForgotPasswordShowModels.swift in Sources */ = {isa = PBXBuildFile; fileRef = B14E975F1DD8B05E001E1DE2 /* ForgotPasswordShowModels.swift */; };
		B14E97671DD8B05E001E1DE2 /* ForgotPasswordShowPresenter.swift in Sources */ = {isa = PBXBuildFile; fileRef = B14E97601DD8B05E001E1DE2 /* ForgotPasswordShowPresenter.swift */; };
		B14E97681DD8B05E001E1DE2 /* ForgotPasswordShowRouter.swift in Sources */ = {isa = PBXBuildFile; fileRef = B14E97611DD8B05E001E1DE2 /* ForgotPasswordShowRouter.swift */; };
		B14E97691DD8B05E001E1DE2 /* ForgotPasswordShowViewController.swift in Sources */ = {isa = PBXBuildFile; fileRef = B14E97621DD8B05E001E1DE2 /* ForgotPasswordShowViewController.swift */; };
		B14E976A1DD8B05E001E1DE2 /* ForgotPasswordShowWorker.swift in Sources */ = {isa = PBXBuildFile; fileRef = B14E97631DD8B05E001E1DE2 /* ForgotPasswordShowWorker.swift */; };
		B14E976C1DD8B8CB001E1DE2 /* SignInShow.storyboard in Resources */ = {isa = PBXBuildFile; fileRef = B14E976B1DD8B8CB001E1DE2 /* SignInShow.storyboard */; };
		B15FD40A1DD1DD8C00782324 /* AppDelegate.swift in Sources */ = {isa = PBXBuildFile; fileRef = B15FD4091DD1DD8C00782324 /* AppDelegate.swift */; };
		B15FD4111DD1DD8C00782324 /* Assets.xcassets in Resources */ = {isa = PBXBuildFile; fileRef = B15FD4101DD1DD8C00782324 /* Assets.xcassets */; };
		B15FD4141DD1DD8C00782324 /* LaunchScreen.storyboard in Resources */ = {isa = PBXBuildFile; fileRef = B15FD4121DD1DD8C00782324 /* LaunchScreen.storyboard */; };
		B1BF92441DD5FC8000BECBBB /* Config.swift in Sources */ = {isa = PBXBuildFile; fileRef = B1BF92431DD5FC8000BECBBB /* Config.swift */; };
		B1BF92681DD6516C00BECBBB /* helveticaneuecyr-black.otf in Resources */ = {isa = PBXBuildFile; fileRef = B1BF924F1DD650F400BECBBB /* helveticaneuecyr-black.otf */; };
		B1BF92691DD6516C00BECBBB /* helveticaneuecyr-blackitalic.otf in Resources */ = {isa = PBXBuildFile; fileRef = B1BF92501DD650F400BECBBB /* helveticaneuecyr-blackitalic.otf */; };
		B1BF926A1DD6516C00BECBBB /* helveticaneuecyr-bold.otf in Resources */ = {isa = PBXBuildFile; fileRef = B1BF92511DD650F400BECBBB /* helveticaneuecyr-bold.otf */; };
		B1BF926B1DD6516C00BECBBB /* helveticaneuecyr-bolditalic.otf in Resources */ = {isa = PBXBuildFile; fileRef = B1BF92521DD650F400BECBBB /* helveticaneuecyr-bolditalic.otf */; };
		B1BF926C1DD6516C00BECBBB /* helveticaneuecyr-heavy.otf in Resources */ = {isa = PBXBuildFile; fileRef = B1BF92531DD650F400BECBBB /* helveticaneuecyr-heavy.otf */; };
		B1BF926D1DD6516C00BECBBB /* helveticaneuecyr-heavyitalic.otf in Resources */ = {isa = PBXBuildFile; fileRef = B1BF92541DD650F400BECBBB /* helveticaneuecyr-heavyitalic.otf */; };
		B1BF926E1DD6516C00BECBBB /* helveticaneuecyr-italic.otf in Resources */ = {isa = PBXBuildFile; fileRef = B1BF92551DD650F400BECBBB /* helveticaneuecyr-italic.otf */; };
		B1BF926F1DD6516C00BECBBB /* helveticaneuecyr-light.otf in Resources */ = {isa = PBXBuildFile; fileRef = B1BF92561DD650F400BECBBB /* helveticaneuecyr-light.otf */; };
		B1BF92701DD6516C00BECBBB /* helveticaneuecyr-lightitalic.otf in Resources */ = {isa = PBXBuildFile; fileRef = B1BF92571DD650F400BECBBB /* helveticaneuecyr-lightitalic.otf */; };
		B1BF92711DD6516C00BECBBB /* helveticaneuecyr-medium.otf in Resources */ = {isa = PBXBuildFile; fileRef = B1BF92581DD650F400BECBBB /* helveticaneuecyr-medium.otf */; };
		B1BF92721DD6516C00BECBBB /* helveticaneuecyr-mediumitaicl.otf in Resources */ = {isa = PBXBuildFile; fileRef = B1BF92591DD650F400BECBBB /* helveticaneuecyr-mediumitaicl.otf */; };
		B1BF92731DD6516C00BECBBB /* helveticaneuecyr-roman.otf in Resources */ = {isa = PBXBuildFile; fileRef = B1BF925A1DD650F400BECBBB /* helveticaneuecyr-roman.otf */; };
		B1BF92741DD6516C00BECBBB /* helveticaneuecyr-thin.otf in Resources */ = {isa = PBXBuildFile; fileRef = B1BF925B1DD650F400BECBBB /* helveticaneuecyr-thin.otf */; };
		B1BF92751DD6516C00BECBBB /* helveticaneuecyr-thinitalic.otf in Resources */ = {isa = PBXBuildFile; fileRef = B1BF925C1DD650F400BECBBB /* helveticaneuecyr-thinitalic.otf */; };
		B1BF92761DD6516C00BECBBB /* helveticaneuecyr-ultralight.otf in Resources */ = {isa = PBXBuildFile; fileRef = B1BF925D1DD650F400BECBBB /* helveticaneuecyr-ultralight.otf */; };
		B1BF92771DD6516C00BECBBB /* helveticaneuecyr-ultralightitalic.otf in Resources */ = {isa = PBXBuildFile; fileRef = B1BF925E1DD650F400BECBBB /* helveticaneuecyr-ultralightitalic.otf */; };
		B1BF92781DD6516C00BECBBB /* UBUNTU-B.TTF in Resources */ = {isa = PBXBuildFile; fileRef = B1BF925F1DD650F400BECBBB /* UBUNTU-B.TTF */; };
		B1BF92791DD6516C00BECBBB /* UBUNTU-BI.TTF in Resources */ = {isa = PBXBuildFile; fileRef = B1BF92601DD650F400BECBBB /* UBUNTU-BI.TTF */; };
		B1BF927A1DD6516C00BECBBB /* UBUNTU-C.TTF in Resources */ = {isa = PBXBuildFile; fileRef = B1BF92611DD650F400BECBBB /* UBUNTU-C.TTF */; };
		B1BF927B1DD6516C00BECBBB /* UBUNTU-I.TTF in Resources */ = {isa = PBXBuildFile; fileRef = B1BF92621DD650F400BECBBB /* UBUNTU-I.TTF */; };
		B1BF927C1DD6516C00BECBBB /* UBUNTU-L.TTF in Resources */ = {isa = PBXBuildFile; fileRef = B1BF92631DD650F400BECBBB /* UBUNTU-L.TTF */; };
		B1BF927D1DD6516C00BECBBB /* UBUNTU-LI.TTF in Resources */ = {isa = PBXBuildFile; fileRef = B1BF92641DD650F400BECBBB /* UBUNTU-LI.TTF */; };
		B1BF927E1DD6516C00BECBBB /* UBUNTU-M.TTF in Resources */ = {isa = PBXBuildFile; fileRef = B1BF92651DD650F400BECBBB /* UBUNTU-M.TTF */; };
		B1BF927F1DD6516C00BECBBB /* UBUNTU-MI.TTF in Resources */ = {isa = PBXBuildFile; fileRef = B1BF92661DD650F400BECBBB /* UBUNTU-MI.TTF */; };
		B1BF92801DD6516C00BECBBB /* UBUNTU-R.TTF in Resources */ = {isa = PBXBuildFile; fileRef = B1BF92671DD650F400BECBBB /* UBUNTU-R.TTF */; };
/* End PBXBuildFile section */

/* Begin PBXFileReference section */
		6AA4A159468D8EA48A132ED8 /* Pods-OmnieCommerce.debug.xcconfig */ = {isa = PBXFileReference; includeInIndex = 1; lastKnownFileType = text.xcconfig; name = "Pods-OmnieCommerce.debug.xcconfig"; path = "Pods/Target Support Files/Pods-OmnieCommerce/Pods-OmnieCommerce.debug.xcconfig"; sourceTree = "<group>"; };
		A7BBCD9A2BBB6D643C1B64E4 /* Pods_OmnieCommerce.framework */ = {isa = PBXFileReference; explicitFileType = wrapper.framework; includeInIndex = 0; path = Pods_OmnieCommerce.framework; sourceTree = BUILT_PRODUCTS_DIR; };
		B1228FAC1DD44D3400A90FBB /* TopBarView.swift */ = {isa = PBXFileReference; fileEncoding = 4; lastKnownFileType = sourcecode.swift; path = TopBarView.swift; sourceTree = "<group>"; };
		B1228FAE1DD44D5800A90FBB /* TopBarView.xib */ = {isa = PBXFileReference; fileEncoding = 4; lastKnownFileType = file.xib; path = TopBarView.xib; sourceTree = "<group>"; };
		B1228FB11DD47C9F00A90FBB /* MenuViewCell.swift */ = {isa = PBXFileReference; fileEncoding = 4; lastKnownFileType = sourcecode.swift; path = MenuViewCell.swift; sourceTree = "<group>"; };
		B1228FB41DD4856A00A90FBB /* MenuItem.swift */ = {isa = PBXFileReference; fileEncoding = 4; lastKnownFileType = sourcecode.swift; path = MenuItem.swift; sourceTree = "<group>"; };
		B1228FB91DD49ED400A90FBB /* BaseViewController.swift */ = {isa = PBXFileReference; fileEncoding = 4; lastKnownFileType = sourcecode.swift; path = BaseViewController.swift; sourceTree = "<group>"; };
		B1228FBC1DD4BEAB00A90FBB /* CircleButton.swift */ = {isa = PBXFileReference; fileEncoding = 4; lastKnownFileType = sourcecode.swift; path = CircleButton.swift; sourceTree = "<group>"; };
		B122F1BE1DD3575E0018A701 /* SlideMenuShow.storyboard */ = {isa = PBXFileReference; fileEncoding = 4; lastKnownFileType = file.storyboard; path = SlideMenuShow.storyboard; sourceTree = "<group>"; };
		B122F1D41DD35B760018A701 /* OrdersShowConfigurator.swift */ = {isa = PBXFileReference; fileEncoding = 4; lastKnownFileType = sourcecode.swift; path = OrdersShowConfigurator.swift; sourceTree = "<group>"; };
		B122F1D51DD35B760018A701 /* OrdersShowInteractor.swift */ = {isa = PBXFileReference; fileEncoding = 4; lastKnownFileType = sourcecode.swift; path = OrdersShowInteractor.swift; sourceTree = "<group>"; };
		B122F1D61DD35B760018A701 /* OrdersShowModels.swift */ = {isa = PBXFileReference; fileEncoding = 4; lastKnownFileType = sourcecode.swift; path = OrdersShowModels.swift; sourceTree = "<group>"; };
		B122F1D71DD35B760018A701 /* OrdersShowPresenter.swift */ = {isa = PBXFileReference; fileEncoding = 4; lastKnownFileType = sourcecode.swift; path = OrdersShowPresenter.swift; sourceTree = "<group>"; };
		B122F1D81DD35B760018A701 /* OrdersShowRouter.swift */ = {isa = PBXFileReference; fileEncoding = 4; lastKnownFileType = sourcecode.swift; path = OrdersShowRouter.swift; sourceTree = "<group>"; };
		B122F1D91DD35B760018A701 /* OrdersShowViewController.swift */ = {isa = PBXFileReference; fileEncoding = 4; lastKnownFileType = sourcecode.swift; path = OrdersShowViewController.swift; sourceTree = "<group>"; };
		B122F1DA1DD35B760018A701 /* OrdersShowWorker.swift */ = {isa = PBXFileReference; fileEncoding = 4; lastKnownFileType = sourcecode.swift; path = OrdersShowWorker.swift; sourceTree = "<group>"; };
		B122F1E21DD35BA70018A701 /* MessagesShowConfigurator.swift */ = {isa = PBXFileReference; fileEncoding = 4; lastKnownFileType = sourcecode.swift; path = MessagesShowConfigurator.swift; sourceTree = "<group>"; };
		B122F1E31DD35BA70018A701 /* MessagesShowInteractor.swift */ = {isa = PBXFileReference; fileEncoding = 4; lastKnownFileType = sourcecode.swift; path = MessagesShowInteractor.swift; sourceTree = "<group>"; };
		B122F1E41DD35BA70018A701 /* MessagesShowModels.swift */ = {isa = PBXFileReference; fileEncoding = 4; lastKnownFileType = sourcecode.swift; path = MessagesShowModels.swift; sourceTree = "<group>"; };
		B122F1E51DD35BA70018A701 /* MessagesShowPresenter.swift */ = {isa = PBXFileReference; fileEncoding = 4; lastKnownFileType = sourcecode.swift; path = MessagesShowPresenter.swift; sourceTree = "<group>"; };
		B122F1E61DD35BA70018A701 /* MessagesShowRouter.swift */ = {isa = PBXFileReference; fileEncoding = 4; lastKnownFileType = sourcecode.swift; path = MessagesShowRouter.swift; sourceTree = "<group>"; };
		B122F1E71DD35BA70018A701 /* MessagesShowViewController.swift */ = {isa = PBXFileReference; fileEncoding = 4; lastKnownFileType = sourcecode.swift; path = MessagesShowViewController.swift; sourceTree = "<group>"; };
		B122F1E81DD35BA70018A701 /* MessagesShowWorker.swift */ = {isa = PBXFileReference; fileEncoding = 4; lastKnownFileType = sourcecode.swift; path = MessagesShowWorker.swift; sourceTree = "<group>"; };
		B122F1F01DD35BC70018A701 /* FavoriteShowConfigurator.swift */ = {isa = PBXFileReference; fileEncoding = 4; lastKnownFileType = sourcecode.swift; path = FavoriteShowConfigurator.swift; sourceTree = "<group>"; };
		B122F1F11DD35BC70018A701 /* FavoriteShowInteractor.swift */ = {isa = PBXFileReference; fileEncoding = 4; lastKnownFileType = sourcecode.swift; path = FavoriteShowInteractor.swift; sourceTree = "<group>"; };
		B122F1F21DD35BC70018A701 /* FavoriteShowModels.swift */ = {isa = PBXFileReference; fileEncoding = 4; lastKnownFileType = sourcecode.swift; path = FavoriteShowModels.swift; sourceTree = "<group>"; };
		B122F1F31DD35BC70018A701 /* FavoriteShowPresenter.swift */ = {isa = PBXFileReference; fileEncoding = 4; lastKnownFileType = sourcecode.swift; path = FavoriteShowPresenter.swift; sourceTree = "<group>"; };
		B122F1F41DD35BC70018A701 /* FavoriteShowRouter.swift */ = {isa = PBXFileReference; fileEncoding = 4; lastKnownFileType = sourcecode.swift; path = FavoriteShowRouter.swift; sourceTree = "<group>"; };
		B122F1F51DD35BC70018A701 /* FavoriteShowViewController.swift */ = {isa = PBXFileReference; fileEncoding = 4; lastKnownFileType = sourcecode.swift; path = FavoriteShowViewController.swift; sourceTree = "<group>"; };
		B122F1F61DD35BC70018A701 /* FavoriteShowWorker.swift */ = {isa = PBXFileReference; fileEncoding = 4; lastKnownFileType = sourcecode.swift; path = FavoriteShowWorker.swift; sourceTree = "<group>"; };
		B122F1FE1DD35BEB0018A701 /* CategoriesShowConfigurator.swift */ = {isa = PBXFileReference; fileEncoding = 4; lastKnownFileType = sourcecode.swift; path = CategoriesShowConfigurator.swift; sourceTree = "<group>"; };
		B122F1FF1DD35BEB0018A701 /* CategoriesShowInteractor.swift */ = {isa = PBXFileReference; fileEncoding = 4; lastKnownFileType = sourcecode.swift; path = CategoriesShowInteractor.swift; sourceTree = "<group>"; };
		B122F2001DD35BEB0018A701 /* CategoriesShowModels.swift */ = {isa = PBXFileReference; fileEncoding = 4; lastKnownFileType = sourcecode.swift; path = CategoriesShowModels.swift; sourceTree = "<group>"; };
		B122F2011DD35BEB0018A701 /* CategoriesShowPresenter.swift */ = {isa = PBXFileReference; fileEncoding = 4; lastKnownFileType = sourcecode.swift; path = CategoriesShowPresenter.swift; sourceTree = "<group>"; };
		B122F2021DD35BEB0018A701 /* CategoriesShowRouter.swift */ = {isa = PBXFileReference; fileEncoding = 4; lastKnownFileType = sourcecode.swift; path = CategoriesShowRouter.swift; sourceTree = "<group>"; };
		B122F2031DD35BEB0018A701 /* CategoriesShowViewController.swift */ = {isa = PBXFileReference; fileEncoding = 4; lastKnownFileType = sourcecode.swift; path = CategoriesShowViewController.swift; sourceTree = "<group>"; };
		B122F2041DD35BEB0018A701 /* CategoriesShowWorker.swift */ = {isa = PBXFileReference; fileEncoding = 4; lastKnownFileType = sourcecode.swift; path = CategoriesShowWorker.swift; sourceTree = "<group>"; };
		B122F20C1DD35C2C0018A701 /* NewsShowConfigurator.swift */ = {isa = PBXFileReference; fileEncoding = 4; lastKnownFileType = sourcecode.swift; path = NewsShowConfigurator.swift; sourceTree = "<group>"; };
		B122F20D1DD35C2C0018A701 /* NewsShowInteractor.swift */ = {isa = PBXFileReference; fileEncoding = 4; lastKnownFileType = sourcecode.swift; path = NewsShowInteractor.swift; sourceTree = "<group>"; };
		B122F20E1DD35C2C0018A701 /* NewsShowModels.swift */ = {isa = PBXFileReference; fileEncoding = 4; lastKnownFileType = sourcecode.swift; path = NewsShowModels.swift; sourceTree = "<group>"; };
		B122F20F1DD35C2C0018A701 /* NewsShowPresenter.swift */ = {isa = PBXFileReference; fileEncoding = 4; lastKnownFileType = sourcecode.swift; path = NewsShowPresenter.swift; sourceTree = "<group>"; };
		B122F2101DD35C2C0018A701 /* NewsShowRouter.swift */ = {isa = PBXFileReference; fileEncoding = 4; lastKnownFileType = sourcecode.swift; path = NewsShowRouter.swift; sourceTree = "<group>"; };
		B122F2111DD35C2C0018A701 /* NewsShowViewController.swift */ = {isa = PBXFileReference; fileEncoding = 4; lastKnownFileType = sourcecode.swift; path = NewsShowViewController.swift; sourceTree = "<group>"; };
		B122F2121DD35C2C0018A701 /* NewsShowWorker.swift */ = {isa = PBXFileReference; fileEncoding = 4; lastKnownFileType = sourcecode.swift; path = NewsShowWorker.swift; sourceTree = "<group>"; };
		B122F21B1DD35CC80018A701 /* SlideMenuShowConfigurator.swift */ = {isa = PBXFileReference; fileEncoding = 4; lastKnownFileType = sourcecode.swift; path = SlideMenuShowConfigurator.swift; sourceTree = "<group>"; };
		B122F21C1DD35CC80018A701 /* SlideMenuShowInteractor.swift */ = {isa = PBXFileReference; fileEncoding = 4; lastKnownFileType = sourcecode.swift; path = SlideMenuShowInteractor.swift; sourceTree = "<group>"; };
		B122F21D1DD35CC80018A701 /* SlideMenuShowModels.swift */ = {isa = PBXFileReference; fileEncoding = 4; lastKnownFileType = sourcecode.swift; path = SlideMenuShowModels.swift; sourceTree = "<group>"; };
		B122F21E1DD35CC80018A701 /* SlideMenuShowPresenter.swift */ = {isa = PBXFileReference; fileEncoding = 4; lastKnownFileType = sourcecode.swift; path = SlideMenuShowPresenter.swift; sourceTree = "<group>"; };
		B122F21F1DD35CC80018A701 /* SlideMenuShowRouter.swift */ = {isa = PBXFileReference; fileEncoding = 4; lastKnownFileType = sourcecode.swift; path = SlideMenuShowRouter.swift; sourceTree = "<group>"; };
		B122F2201DD35CC80018A701 /* SlideMenuShowViewController.swift */ = {isa = PBXFileReference; fileEncoding = 4; lastKnownFileType = sourcecode.swift; path = SlideMenuShowViewController.swift; sourceTree = "<group>"; };
		B122F2211DD35CC80018A701 /* SlideMenuShowWorker.swift */ = {isa = PBXFileReference; fileEncoding = 4; lastKnownFileType = sourcecode.swift; path = SlideMenuShowWorker.swift; sourceTree = "<group>"; };
		B122F2291DD35D6F0018A701 /* OrdersShow.storyboard */ = {isa = PBXFileReference; fileEncoding = 4; lastKnownFileType = file.storyboard; path = OrdersShow.storyboard; sourceTree = "<group>"; };
		B122F22B1DD35E550018A701 /* MessagesShow.storyboard */ = {isa = PBXFileReference; fileEncoding = 4; lastKnownFileType = file.storyboard; path = MessagesShow.storyboard; sourceTree = "<group>"; };
		B122F22D1DD35ECC0018A701 /* FavoriteShow.storyboard */ = {isa = PBXFileReference; fileEncoding = 4; lastKnownFileType = file.storyboard; path = FavoriteShow.storyboard; sourceTree = "<group>"; };
		B122F22F1DD35EE10018A701 /* CategoriesShow.storyboard */ = {isa = PBXFileReference; fileEncoding = 4; lastKnownFileType = file.storyboard; path = CategoriesShow.storyboard; sourceTree = "<group>"; };
		B122F2311DD35EF10018A701 /* NewsShow.storyboard */ = {isa = PBXFileReference; fileEncoding = 4; lastKnownFileType = file.storyboard; path = NewsShow.storyboard; sourceTree = "<group>"; };
		B122F2401DD371B30018A701 /* BaseNavigationController.swift */ = {isa = PBXFileReference; fileEncoding = 4; lastKnownFileType = sourcecode.swift; path = BaseNavigationController.swift; sourceTree = "<group>"; };
		B122F2431DD38A3E0018A701 /* ru */ = {isa = PBXFileReference; lastKnownFileType = text.plist.strings; name = ru; path = ru.lproj/LaunchScreen.strings; sourceTree = "<group>"; };
		B122F2441DD38A450018A701 /* uk */ = {isa = PBXFileReference; lastKnownFileType = text.plist.strings; name = uk; path = uk.lproj/LaunchScreen.strings; sourceTree = "<group>"; };
		B122F2491DD393330018A701 /* Base */ = {isa = PBXFileReference; lastKnownFileType = text.plist.strings; name = Base; path = Base.lproj/Localizable.strings; sourceTree = "<group>"; };
		B122F24B1DD393340018A701 /* en */ = {isa = PBXFileReference; lastKnownFileType = text.plist.strings; name = en; path = en.lproj/Localizable.strings; sourceTree = "<group>"; };
		B122F24C1DD393350018A701 /* ru */ = {isa = PBXFileReference; lastKnownFileType = text.plist.strings; name = ru; path = ru.lproj/Localizable.strings; sourceTree = "<group>"; };
		B122F24D1DD393360018A701 /* uk */ = {isa = PBXFileReference; lastKnownFileType = text.plist.strings; name = uk; path = uk.lproj/Localizable.strings; sourceTree = "<group>"; };
		B14E97411DD8B042001E1DE2 /* SignInShowConfigurator.swift */ = {isa = PBXFileReference; fileEncoding = 4; lastKnownFileType = sourcecode.swift; path = SignInShowConfigurator.swift; sourceTree = "<group>"; };
		B14E97421DD8B042001E1DE2 /* SignInShowInteractor.swift */ = {isa = PBXFileReference; fileEncoding = 4; lastKnownFileType = sourcecode.swift; path = SignInShowInteractor.swift; sourceTree = "<group>"; };
		B14E97431DD8B042001E1DE2 /* SignInShowModels.swift */ = {isa = PBXFileReference; fileEncoding = 4; lastKnownFileType = sourcecode.swift; path = SignInShowModels.swift; sourceTree = "<group>"; };
		B14E97441DD8B042001E1DE2 /* SignInShowPresenter.swift */ = {isa = PBXFileReference; fileEncoding = 4; lastKnownFileType = sourcecode.swift; path = SignInShowPresenter.swift; sourceTree = "<group>"; };
		B14E97451DD8B042001E1DE2 /* SignInShowRouter.swift */ = {isa = PBXFileReference; fileEncoding = 4; lastKnownFileType = sourcecode.swift; path = SignInShowRouter.swift; sourceTree = "<group>"; };
		B14E97461DD8B042001E1DE2 /* SignInShowViewController.swift */ = {isa = PBXFileReference; fileEncoding = 4; lastKnownFileType = sourcecode.swift; path = SignInShowViewController.swift; sourceTree = "<group>"; };
		B14E97471DD8B042001E1DE2 /* SignInShowWorker.swift */ = {isa = PBXFileReference; fileEncoding = 4; lastKnownFileType = sourcecode.swift; path = SignInShowWorker.swift; sourceTree = "<group>"; };
		B14E974F1DD8B052001E1DE2 /* SignUpShowConfigurator.swift */ = {isa = PBXFileReference; fileEncoding = 4; lastKnownFileType = sourcecode.swift; path = SignUpShowConfigurator.swift; sourceTree = "<group>"; };
		B14E97501DD8B052001E1DE2 /* SignUpShowInteractor.swift */ = {isa = PBXFileReference; fileEncoding = 4; lastKnownFileType = sourcecode.swift; path = SignUpShowInteractor.swift; sourceTree = "<group>"; };
		B14E97511DD8B052001E1DE2 /* SignUpShowModels.swift */ = {isa = PBXFileReference; fileEncoding = 4; lastKnownFileType = sourcecode.swift; path = SignUpShowModels.swift; sourceTree = "<group>"; };
		B14E97521DD8B052001E1DE2 /* SignUpShowPresenter.swift */ = {isa = PBXFileReference; fileEncoding = 4; lastKnownFileType = sourcecode.swift; path = SignUpShowPresenter.swift; sourceTree = "<group>"; };
		B14E97531DD8B052001E1DE2 /* SignUpShowRouter.swift */ = {isa = PBXFileReference; fileEncoding = 4; lastKnownFileType = sourcecode.swift; path = SignUpShowRouter.swift; sourceTree = "<group>"; };
		B14E97541DD8B052001E1DE2 /* SignUpShowViewController.swift */ = {isa = PBXFileReference; fileEncoding = 4; lastKnownFileType = sourcecode.swift; path = SignUpShowViewController.swift; sourceTree = "<group>"; };
		B14E97551DD8B052001E1DE2 /* SignUpShowWorker.swift */ = {isa = PBXFileReference; fileEncoding = 4; lastKnownFileType = sourcecode.swift; path = SignUpShowWorker.swift; sourceTree = "<group>"; };
		B14E975D1DD8B05E001E1DE2 /* ForgotPasswordShowConfigurator.swift */ = {isa = PBXFileReference; fileEncoding = 4; lastKnownFileType = sourcecode.swift; path = ForgotPasswordShowConfigurator.swift; sourceTree = "<group>"; };
		B14E975E1DD8B05E001E1DE2 /* ForgotPasswordShowInteractor.swift */ = {isa = PBXFileReference; fileEncoding = 4; lastKnownFileType = sourcecode.swift; path = ForgotPasswordShowInteractor.swift; sourceTree = "<group>"; };
		B14E975F1DD8B05E001E1DE2 /* ForgotPasswordShowModels.swift */ = {isa = PBXFileReference; fileEncoding = 4; lastKnownFileType = sourcecode.swift; path = ForgotPasswordShowModels.swift; sourceTree = "<group>"; };
		B14E97601DD8B05E001E1DE2 /* ForgotPasswordShowPresenter.swift */ = {isa = PBXFileReference; fileEncoding = 4; lastKnownFileType = sourcecode.swift; path = ForgotPasswordShowPresenter.swift; sourceTree = "<group>"; };
		B14E97611DD8B05E001E1DE2 /* ForgotPasswordShowRouter.swift */ = {isa = PBXFileReference; fileEncoding = 4; lastKnownFileType = sourcecode.swift; path = ForgotPasswordShowRouter.swift; sourceTree = "<group>"; };
		B14E97621DD8B05E001E1DE2 /* ForgotPasswordShowViewController.swift */ = {isa = PBXFileReference; fileEncoding = 4; lastKnownFileType = sourcecode.swift; path = ForgotPasswordShowViewController.swift; sourceTree = "<group>"; };
		B14E97631DD8B05E001E1DE2 /* ForgotPasswordShowWorker.swift */ = {isa = PBXFileReference; fileEncoding = 4; lastKnownFileType = sourcecode.swift; path = ForgotPasswordShowWorker.swift; sourceTree = "<group>"; };
		B14E976B1DD8B8CB001E1DE2 /* SignInShow.storyboard */ = {isa = PBXFileReference; fileEncoding = 4; lastKnownFileType = file.storyboard; path = SignInShow.storyboard; sourceTree = "<group>"; };
		B15FD4061DD1DD8C00782324 /* OmnieCommerce.app */ = {isa = PBXFileReference; explicitFileType = wrapper.application; includeInIndex = 0; path = OmnieCommerce.app; sourceTree = BUILT_PRODUCTS_DIR; };
		B15FD4091DD1DD8C00782324 /* AppDelegate.swift */ = {isa = PBXFileReference; lastKnownFileType = sourcecode.swift; path = AppDelegate.swift; sourceTree = "<group>"; };
		B15FD4101DD1DD8C00782324 /* Assets.xcassets */ = {isa = PBXFileReference; lastKnownFileType = folder.assetcatalog; name = Assets.xcassets; path = OmnieCommerce/Assets.xcassets; sourceTree = "<group>"; };
		B15FD4131DD1DD8C00782324 /* Base */ = {isa = PBXFileReference; lastKnownFileType = file.storyboard; name = Base; path = Base.lproj/LaunchScreen.storyboard; sourceTree = "<group>"; };
		B15FD4151DD1DD8C00782324 /* Info.plist */ = {isa = PBXFileReference; lastKnownFileType = text.plist.xml; name = Info.plist; path = ../Info.plist; sourceTree = "<group>"; };
		B1BF92431DD5FC8000BECBBB /* Config.swift */ = {isa = PBXFileReference; fileEncoding = 4; lastKnownFileType = sourcecode.swift; path = Config.swift; sourceTree = "<group>"; };
		B1BF924F1DD650F400BECBBB /* helveticaneuecyr-black.otf */ = {isa = PBXFileReference; lastKnownFileType = file; path = "helveticaneuecyr-black.otf"; sourceTree = "<group>"; };
		B1BF92501DD650F400BECBBB /* helveticaneuecyr-blackitalic.otf */ = {isa = PBXFileReference; lastKnownFileType = file; path = "helveticaneuecyr-blackitalic.otf"; sourceTree = "<group>"; };
		B1BF92511DD650F400BECBBB /* helveticaneuecyr-bold.otf */ = {isa = PBXFileReference; lastKnownFileType = file; path = "helveticaneuecyr-bold.otf"; sourceTree = "<group>"; };
		B1BF92521DD650F400BECBBB /* helveticaneuecyr-bolditalic.otf */ = {isa = PBXFileReference; lastKnownFileType = file; path = "helveticaneuecyr-bolditalic.otf"; sourceTree = "<group>"; };
		B1BF92531DD650F400BECBBB /* helveticaneuecyr-heavy.otf */ = {isa = PBXFileReference; lastKnownFileType = file; path = "helveticaneuecyr-heavy.otf"; sourceTree = "<group>"; };
		B1BF92541DD650F400BECBBB /* helveticaneuecyr-heavyitalic.otf */ = {isa = PBXFileReference; lastKnownFileType = file; path = "helveticaneuecyr-heavyitalic.otf"; sourceTree = "<group>"; };
		B1BF92551DD650F400BECBBB /* helveticaneuecyr-italic.otf */ = {isa = PBXFileReference; lastKnownFileType = file; path = "helveticaneuecyr-italic.otf"; sourceTree = "<group>"; };
		B1BF92561DD650F400BECBBB /* helveticaneuecyr-light.otf */ = {isa = PBXFileReference; lastKnownFileType = file; path = "helveticaneuecyr-light.otf"; sourceTree = "<group>"; };
		B1BF92571DD650F400BECBBB /* helveticaneuecyr-lightitalic.otf */ = {isa = PBXFileReference; lastKnownFileType = file; path = "helveticaneuecyr-lightitalic.otf"; sourceTree = "<group>"; };
		B1BF92581DD650F400BECBBB /* helveticaneuecyr-medium.otf */ = {isa = PBXFileReference; lastKnownFileType = file; path = "helveticaneuecyr-medium.otf"; sourceTree = "<group>"; };
		B1BF92591DD650F400BECBBB /* helveticaneuecyr-mediumitaicl.otf */ = {isa = PBXFileReference; lastKnownFileType = file; path = "helveticaneuecyr-mediumitaicl.otf"; sourceTree = "<group>"; };
		B1BF925A1DD650F400BECBBB /* helveticaneuecyr-roman.otf */ = {isa = PBXFileReference; lastKnownFileType = file; path = "helveticaneuecyr-roman.otf"; sourceTree = "<group>"; };
		B1BF925B1DD650F400BECBBB /* helveticaneuecyr-thin.otf */ = {isa = PBXFileReference; lastKnownFileType = file; path = "helveticaneuecyr-thin.otf"; sourceTree = "<group>"; };
		B1BF925C1DD650F400BECBBB /* helveticaneuecyr-thinitalic.otf */ = {isa = PBXFileReference; lastKnownFileType = file; path = "helveticaneuecyr-thinitalic.otf"; sourceTree = "<group>"; };
		B1BF925D1DD650F400BECBBB /* helveticaneuecyr-ultralight.otf */ = {isa = PBXFileReference; lastKnownFileType = file; path = "helveticaneuecyr-ultralight.otf"; sourceTree = "<group>"; };
		B1BF925E1DD650F400BECBBB /* helveticaneuecyr-ultralightitalic.otf */ = {isa = PBXFileReference; lastKnownFileType = file; path = "helveticaneuecyr-ultralightitalic.otf"; sourceTree = "<group>"; };
		B1BF925F1DD650F400BECBBB /* UBUNTU-B.TTF */ = {isa = PBXFileReference; lastKnownFileType = file; path = "UBUNTU-B.TTF"; sourceTree = "<group>"; };
		B1BF92601DD650F400BECBBB /* UBUNTU-BI.TTF */ = {isa = PBXFileReference; lastKnownFileType = file; path = "UBUNTU-BI.TTF"; sourceTree = "<group>"; };
		B1BF92611DD650F400BECBBB /* UBUNTU-C.TTF */ = {isa = PBXFileReference; lastKnownFileType = file; path = "UBUNTU-C.TTF"; sourceTree = "<group>"; };
		B1BF92621DD650F400BECBBB /* UBUNTU-I.TTF */ = {isa = PBXFileReference; lastKnownFileType = file; path = "UBUNTU-I.TTF"; sourceTree = "<group>"; };
		B1BF92631DD650F400BECBBB /* UBUNTU-L.TTF */ = {isa = PBXFileReference; lastKnownFileType = file; path = "UBUNTU-L.TTF"; sourceTree = "<group>"; };
		B1BF92641DD650F400BECBBB /* UBUNTU-LI.TTF */ = {isa = PBXFileReference; lastKnownFileType = file; path = "UBUNTU-LI.TTF"; sourceTree = "<group>"; };
		B1BF92651DD650F400BECBBB /* UBUNTU-M.TTF */ = {isa = PBXFileReference; lastKnownFileType = file; path = "UBUNTU-M.TTF"; sourceTree = "<group>"; };
		B1BF92661DD650F400BECBBB /* UBUNTU-MI.TTF */ = {isa = PBXFileReference; lastKnownFileType = file; path = "UBUNTU-MI.TTF"; sourceTree = "<group>"; };
		B1BF92671DD650F400BECBBB /* UBUNTU-R.TTF */ = {isa = PBXFileReference; lastKnownFileType = file; path = "UBUNTU-R.TTF"; sourceTree = "<group>"; };
		ED913E9D2C7028252CE0B73A /* Pods-OmnieCommerce.release.xcconfig */ = {isa = PBXFileReference; includeInIndex = 1; lastKnownFileType = text.xcconfig; name = "Pods-OmnieCommerce.release.xcconfig"; path = "Pods/Target Support Files/Pods-OmnieCommerce/Pods-OmnieCommerce.release.xcconfig"; sourceTree = "<group>"; };
/* End PBXFileReference section */

/* Begin PBXFrameworksBuildPhase section */
		B15FD4031DD1DD8C00782324 /* Frameworks */ = {
			isa = PBXFrameworksBuildPhase;
			buildActionMask = 2147483647;
			files = (
				2AED68836D19B23C3805FA4F /* Pods_OmnieCommerce.framework in Frameworks */,
			);
			runOnlyForDeploymentPostprocessing = 0;
		};
/* End PBXFrameworksBuildPhase section */

/* Begin PBXGroup section */
		7D55511864B4F4B37A506981 /* Frameworks */ = {
			isa = PBXGroup;
			children = (
				A7BBCD9A2BBB6D643C1B64E4 /* Pods_OmnieCommerce.framework */,
			);
			name = Frameworks;
			sourceTree = "<group>";
		};
		917033EC92127F3DB867C2E7 /* Pods */ = {
			isa = PBXGroup;
			children = (
				6AA4A159468D8EA48A132ED8 /* Pods-OmnieCommerce.debug.xcconfig */,
				ED913E9D2C7028252CE0B73A /* Pods-OmnieCommerce.release.xcconfig */,
			);
			name = Pods;
			sourceTree = "<group>";
		};
		B1228FAA1DD44C7A00A90FBB /* UIViews */ = {
			isa = PBXGroup;
			children = (
				B1228FAC1DD44D3400A90FBB /* TopBarView.swift */,
				B1228FAE1DD44D5800A90FBB /* TopBarView.xib */,
			);
			path = UIViews;
			sourceTree = "<group>";
		};
		B1228FAB1DD44CD700A90FBB /* Support Files */ = {
			isa = PBXGroup;
			children = (
				B15FD4151DD1DD8C00782324 /* Info.plist */,
			);
			path = "Support Files";
			sourceTree = "<group>";
		};
		B1228FB01DD47C2B00A90FBB /* UITableViewCell */ = {
			isa = PBXGroup;
			children = (
			);
			name = UITableViewCell;
			sourceTree = "<group>";
		};
		B1228FB31DD4853E00A90FBB /* DataModel */ = {
			isa = PBXGroup;
			children = (
				B1228FB41DD4856A00A90FBB /* MenuItem.swift */,
				B1BF92431DD5FC8000BECBBB /* Config.swift */,
			);
			path = DataModel;
			sourceTree = "<group>";
		};
		B1228FB61DD497FC00A90FBB /* UIViewControllers */ = {
			isa = PBXGroup;
			children = (
				B1228FB91DD49ED400A90FBB /* BaseViewController.swift */,
			);
			path = UIViewControllers;
			sourceTree = "<group>";
		};
		B1228FBB1DD4BDE600A90FBB /* UILabels */ = {
			isa = PBXGroup;
			children = (
			);
			path = UILabels;
			sourceTree = "<group>";
		};
		B122F1BD1DD357270018A701 /* Storyboards */ = {
			isa = PBXGroup;
			children = (
				B122F22F1DD35EE10018A701 /* CategoriesShow.storyboard */,
				B122F22D1DD35ECC0018A701 /* FavoriteShow.storyboard */,
				B15FD4121DD1DD8C00782324 /* LaunchScreen.storyboard */,
				B122F22B1DD35E550018A701 /* MessagesShow.storyboard */,
				B122F2311DD35EF10018A701 /* NewsShow.storyboard */,
				B122F2291DD35D6F0018A701 /* OrdersShow.storyboard */,
				B14E976B1DD8B8CB001E1DE2 /* SignInShow.storyboard */,
				B122F1BE1DD3575E0018A701 /* SlideMenuShow.storyboard */,
			);
			path = Storyboards;
			sourceTree = "<group>";
		};
		B122F1C01DD35A110018A701 /* Scenes */ = {
			isa = PBXGroup;
			children = (
				B122F1D01DD35B1C0018A701 /* CategoriesShow */,
				B122F1D11DD35B270018A701 /* FavoriteShow */,
				B14E97401DD8B016001E1DE2 /* ForgotPasswordShow */,
				B122F1CF1DD35B060018A701 /* MessagesShow */,
				B122F1D21DD35B320018A701 /* NewsShow */,
				B122F1D31DD35B3B0018A701 /* OrdersShow */,
				B14E973E1DD8AFCF001E1DE2 /* SignInShow */,
				B14E973F1DD8AFDC001E1DE2 /* SignUpShow */,
				B122F21A1DD35CA60018A701 /* SlideMenuShow */,
			);
			path = Scenes;
			sourceTree = "<group>";
		};
		B122F1CF1DD35B060018A701 /* MessagesShow */ = {
			isa = PBXGroup;
			children = (
				B122F1E21DD35BA70018A701 /* MessagesShowConfigurator.swift */,
				B122F1E31DD35BA70018A701 /* MessagesShowInteractor.swift */,
				B122F1E41DD35BA70018A701 /* MessagesShowModels.swift */,
				B122F1E51DD35BA70018A701 /* MessagesShowPresenter.swift */,
				B122F1E61DD35BA70018A701 /* MessagesShowRouter.swift */,
				B122F1E71DD35BA70018A701 /* MessagesShowViewController.swift */,
				B122F1E81DD35BA70018A701 /* MessagesShowWorker.swift */,
			);
			path = MessagesShow;
			sourceTree = "<group>";
		};
		B122F1D01DD35B1C0018A701 /* CategoriesShow */ = {
			isa = PBXGroup;
			children = (
				B122F1FE1DD35BEB0018A701 /* CategoriesShowConfigurator.swift */,
				B122F1FF1DD35BEB0018A701 /* CategoriesShowInteractor.swift */,
				B122F2001DD35BEB0018A701 /* CategoriesShowModels.swift */,
				B122F2011DD35BEB0018A701 /* CategoriesShowPresenter.swift */,
				B122F2021DD35BEB0018A701 /* CategoriesShowRouter.swift */,
				B122F2031DD35BEB0018A701 /* CategoriesShowViewController.swift */,
				B122F2041DD35BEB0018A701 /* CategoriesShowWorker.swift */,
			);
			path = CategoriesShow;
			sourceTree = "<group>";
		};
		B122F1D11DD35B270018A701 /* FavoriteShow */ = {
			isa = PBXGroup;
			children = (
				B122F1F01DD35BC70018A701 /* FavoriteShowConfigurator.swift */,
				B122F1F11DD35BC70018A701 /* FavoriteShowInteractor.swift */,
				B122F1F21DD35BC70018A701 /* FavoriteShowModels.swift */,
				B122F1F31DD35BC70018A701 /* FavoriteShowPresenter.swift */,
				B122F1F41DD35BC70018A701 /* FavoriteShowRouter.swift */,
				B122F1F51DD35BC70018A701 /* FavoriteShowViewController.swift */,
				B122F1F61DD35BC70018A701 /* FavoriteShowWorker.swift */,
			);
			path = FavoriteShow;
			sourceTree = "<group>";
		};
		B122F1D21DD35B320018A701 /* NewsShow */ = {
			isa = PBXGroup;
			children = (
				B122F20C1DD35C2C0018A701 /* NewsShowConfigurator.swift */,
				B122F20D1DD35C2C0018A701 /* NewsShowInteractor.swift */,
				B122F20E1DD35C2C0018A701 /* NewsShowModels.swift */,
				B122F20F1DD35C2C0018A701 /* NewsShowPresenter.swift */,
				B122F2101DD35C2C0018A701 /* NewsShowRouter.swift */,
				B122F2111DD35C2C0018A701 /* NewsShowViewController.swift */,
				B122F2121DD35C2C0018A701 /* NewsShowWorker.swift */,
			);
			path = NewsShow;
			sourceTree = "<group>";
		};
		B122F1D31DD35B3B0018A701 /* OrdersShow */ = {
			isa = PBXGroup;
			children = (
				B122F1D41DD35B760018A701 /* OrdersShowConfigurator.swift */,
				B122F1D51DD35B760018A701 /* OrdersShowInteractor.swift */,
				B122F1D61DD35B760018A701 /* OrdersShowModels.swift */,
				B122F1D71DD35B760018A701 /* OrdersShowPresenter.swift */,
				B122F1D81DD35B760018A701 /* OrdersShowRouter.swift */,
				B122F1D91DD35B760018A701 /* OrdersShowViewController.swift */,
				B122F1DA1DD35B760018A701 /* OrdersShowWorker.swift */,
			);
			path = OrdersShow;
			sourceTree = "<group>";
		};
		B122F21A1DD35CA60018A701 /* SlideMenuShow */ = {
			isa = PBXGroup;
			children = (
				B122F21B1DD35CC80018A701 /* SlideMenuShowConfigurator.swift */,
				B122F21C1DD35CC80018A701 /* SlideMenuShowInteractor.swift */,
				B122F21D1DD35CC80018A701 /* SlideMenuShowModels.swift */,
				B122F21E1DD35CC80018A701 /* SlideMenuShowPresenter.swift */,
				B122F21F1DD35CC80018A701 /* SlideMenuShowRouter.swift */,
				B122F2201DD35CC80018A701 /* SlideMenuShowViewController.swift */,
				B122F2211DD35CC80018A701 /* SlideMenuShowWorker.swift */,
			);
			path = SlideMenuShow;
			sourceTree = "<group>";
		};
		B122F2331DD36DF70018A701 /* Common */ = {
			isa = PBXGroup;
			children = (
				B1228FB31DD4853E00A90FBB /* DataModel */,
				B122F2391DD36F220018A701 /* UIButtons */,
				B1228FBB1DD4BDE600A90FBB /* UILabels */,
				B122F23F1DD371830018A701 /* UINavigationControllers */,
				B1228FB01DD47C2B00A90FBB /* UITableViewCell */,
				B122F23A1DD36F420018A701 /* UITableViewCells */,
				B122F2381DD36F120018A701 /* UITextFields */,
				B1228FB61DD497FC00A90FBB /* UIViewControllers */,
				B1228FAA1DD44C7A00A90FBB /* UIViews */,
			);
			path = Common;
			sourceTree = "<group>";
		};
		B122F2381DD36F120018A701 /* UITextFields */ = {
			isa = PBXGroup;
			children = (
			);
			path = UITextFields;
			sourceTree = "<group>";
		};
		B122F2391DD36F220018A701 /* UIButtons */ = {
			isa = PBXGroup;
			children = (
				B1228FBC1DD4BEAB00A90FBB /* CircleButton.swift */,
			);
			path = UIButtons;
			sourceTree = "<group>";
		};
		B122F23A1DD36F420018A701 /* UITableViewCells */ = {
			isa = PBXGroup;
			children = (
				B1228FB11DD47C9F00A90FBB /* MenuViewCell.swift */,
			);
			path = UITableViewCells;
			sourceTree = "<group>";
		};
		B122F23F1DD371830018A701 /* UINavigationControllers */ = {
			isa = PBXGroup;
			children = (
				B122F2401DD371B30018A701 /* BaseNavigationController.swift */,
			);
			path = UINavigationControllers;
			sourceTree = "<group>";
		};
		B122F2451DD392C60018A701 /* Resources */ = {
			isa = PBXGroup;
			children = (
				B1BF924E1DD6508A00BECBBB /* Fonts */,
				B122F24A1DD393330018A701 /* Localizable.strings */,
			);
			path = Resources;
			sourceTree = "<group>";
		};
		B14E973E1DD8AFCF001E1DE2 /* SignInShow */ = {
			isa = PBXGroup;
			children = (
				B14E97411DD8B042001E1DE2 /* SignInShowConfigurator.swift */,
				B14E97421DD8B042001E1DE2 /* SignInShowInteractor.swift */,
				B14E97431DD8B042001E1DE2 /* SignInShowModels.swift */,
				B14E97441DD8B042001E1DE2 /* SignInShowPresenter.swift */,
				B14E97451DD8B042001E1DE2 /* SignInShowRouter.swift */,
				B14E97461DD8B042001E1DE2 /* SignInShowViewController.swift */,
				B14E97471DD8B042001E1DE2 /* SignInShowWorker.swift */,
			);
			path = SignInShow;
			sourceTree = "<group>";
		};
		B14E973F1DD8AFDC001E1DE2 /* SignUpShow */ = {
			isa = PBXGroup;
			children = (
				B14E974F1DD8B052001E1DE2 /* SignUpShowConfigurator.swift */,
				B14E97501DD8B052001E1DE2 /* SignUpShowInteractor.swift */,
				B14E97511DD8B052001E1DE2 /* SignUpShowModels.swift */,
				B14E97521DD8B052001E1DE2 /* SignUpShowPresenter.swift */,
				B14E97531DD8B052001E1DE2 /* SignUpShowRouter.swift */,
				B14E97541DD8B052001E1DE2 /* SignUpShowViewController.swift */,
				B14E97551DD8B052001E1DE2 /* SignUpShowWorker.swift */,
			);
			path = SignUpShow;
			sourceTree = "<group>";
		};
		B14E97401DD8B016001E1DE2 /* ForgotPasswordShow */ = {
			isa = PBXGroup;
			children = (
				B14E975D1DD8B05E001E1DE2 /* ForgotPasswordShowConfigurator.swift */,
				B14E975E1DD8B05E001E1DE2 /* ForgotPasswordShowInteractor.swift */,
				B14E975F1DD8B05E001E1DE2 /* ForgotPasswordShowModels.swift */,
				B14E97601DD8B05E001E1DE2 /* ForgotPasswordShowPresenter.swift */,
				B14E97611DD8B05E001E1DE2 /* ForgotPasswordShowRouter.swift */,
				B14E97621DD8B05E001E1DE2 /* ForgotPasswordShowViewController.swift */,
				B14E97631DD8B05E001E1DE2 /* ForgotPasswordShowWorker.swift */,
			);
			path = ForgotPasswordShow;
			sourceTree = "<group>";
		};
		B15FD3FD1DD1DD8C00782324 = {
			isa = PBXGroup;
			children = (
				B15FD4081DD1DD8C00782324 /* OmnieCommerce */,
				B15FD4101DD1DD8C00782324 /* Assets.xcassets */,
				B15FD4071DD1DD8C00782324 /* Products */,
				917033EC92127F3DB867C2E7 /* Pods */,
				7D55511864B4F4B37A506981 /* Frameworks */,
			);
			sourceTree = "<group>";
		};
		B15FD4071DD1DD8C00782324 /* Products */ = {
			isa = PBXGroup;
			children = (
				B15FD4061DD1DD8C00782324 /* OmnieCommerce.app */,
			);
			name = Products;
			sourceTree = "<group>";
		};
		B15FD4081DD1DD8C00782324 /* OmnieCommerce */ = {
			isa = PBXGroup;
			children = (
				B15FD4091DD1DD8C00782324 /* AppDelegate.swift */,
				B122F2331DD36DF70018A701 /* Common */,
				B122F2451DD392C60018A701 /* Resources */,
				B122F1C01DD35A110018A701 /* Scenes */,
				B122F1BD1DD357270018A701 /* Storyboards */,
				B1228FAB1DD44CD700A90FBB /* Support Files */,
			);
			path = OmnieCommerce;
			sourceTree = "<group>";
		};
		B1BF924E1DD6508A00BECBBB /* Fonts */ = {
			isa = PBXGroup;
			children = (
				B1BF924F1DD650F400BECBBB /* helveticaneuecyr-black.otf */,
				B1BF92501DD650F400BECBBB /* helveticaneuecyr-blackitalic.otf */,
				B1BF92511DD650F400BECBBB /* helveticaneuecyr-bold.otf */,
				B1BF92521DD650F400BECBBB /* helveticaneuecyr-bolditalic.otf */,
				B1BF92531DD650F400BECBBB /* helveticaneuecyr-heavy.otf */,
				B1BF92541DD650F400BECBBB /* helveticaneuecyr-heavyitalic.otf */,
				B1BF92551DD650F400BECBBB /* helveticaneuecyr-italic.otf */,
				B1BF92561DD650F400BECBBB /* helveticaneuecyr-light.otf */,
				B1BF92571DD650F400BECBBB /* helveticaneuecyr-lightitalic.otf */,
				B1BF92581DD650F400BECBBB /* helveticaneuecyr-medium.otf */,
				B1BF92591DD650F400BECBBB /* helveticaneuecyr-mediumitaicl.otf */,
				B1BF925A1DD650F400BECBBB /* helveticaneuecyr-roman.otf */,
				B1BF925B1DD650F400BECBBB /* helveticaneuecyr-thin.otf */,
				B1BF925C1DD650F400BECBBB /* helveticaneuecyr-thinitalic.otf */,
				B1BF925D1DD650F400BECBBB /* helveticaneuecyr-ultralight.otf */,
				B1BF925E1DD650F400BECBBB /* helveticaneuecyr-ultralightitalic.otf */,
				B1BF925F1DD650F400BECBBB /* UBUNTU-B.TTF */,
				B1BF92601DD650F400BECBBB /* UBUNTU-BI.TTF */,
				B1BF92611DD650F400BECBBB /* UBUNTU-C.TTF */,
				B1BF92621DD650F400BECBBB /* UBUNTU-I.TTF */,
				B1BF92631DD650F400BECBBB /* UBUNTU-L.TTF */,
				B1BF92641DD650F400BECBBB /* UBUNTU-LI.TTF */,
				B1BF92651DD650F400BECBBB /* UBUNTU-M.TTF */,
				B1BF92661DD650F400BECBBB /* UBUNTU-MI.TTF */,
				B1BF92671DD650F400BECBBB /* UBUNTU-R.TTF */,
			);
			path = Fonts;
			sourceTree = "<group>";
		};
/* End PBXGroup section */

/* Begin PBXNativeTarget section */
		B15FD4051DD1DD8C00782324 /* OmnieCommerce */ = {
			isa = PBXNativeTarget;
			buildConfigurationList = B15FD4181DD1DD8C00782324 /* Build configuration list for PBXNativeTarget "OmnieCommerce" */;
			buildPhases = (
				4DFE75489A5B7434FD9BD351 /* [CP] Check Pods Manifest.lock */,
				B15FD4021DD1DD8C00782324 /* Sources */,
				B15FD4031DD1DD8C00782324 /* Frameworks */,
				B15FD4041DD1DD8C00782324 /* Resources */,
				301D6FDE06EAF74B8EA1FA2C /* [CP] Embed Pods Frameworks */,
				F1A5DC9819D333494AB95284 /* [CP] Copy Pods Resources */,
			);
			buildRules = (
			);
			dependencies = (
			);
			name = OmnieCommerce;
			productName = OmnieCommerce;
			productReference = B15FD4061DD1DD8C00782324 /* OmnieCommerce.app */;
			productType = "com.apple.product-type.application";
		};
/* End PBXNativeTarget section */

/* Begin PBXProject section */
		B15FD3FE1DD1DD8C00782324 /* Project object */ = {
			isa = PBXProject;
			attributes = {
				LastSwiftUpdateCheck = 0810;
				LastUpgradeCheck = 0810;
				ORGANIZATIONNAME = Omniesoft;
				TargetAttributes = {
					B15FD4051DD1DD8C00782324 = {
						CreatedOnToolsVersion = 8.1;
						LastSwiftMigration = 0810;
						ProvisioningStyle = Automatic;
					};
				};
			};
			buildConfigurationList = B15FD4011DD1DD8C00782324 /* Build configuration list for PBXProject "OmnieCommerce" */;
			compatibilityVersion = "Xcode 3.2";
			developmentRegion = English;
			hasScannedForEncodings = 0;
			knownRegions = (
				en,
				Base,
				ru,
				uk,
			);
			mainGroup = B15FD3FD1DD1DD8C00782324;
			productRefGroup = B15FD4071DD1DD8C00782324 /* Products */;
			projectDirPath = "";
			projectRoot = "";
			targets = (
				B15FD4051DD1DD8C00782324 /* OmnieCommerce */,
			);
		};
/* End PBXProject section */

/* Begin PBXResourcesBuildPhase section */
		B15FD4041DD1DD8C00782324 /* Resources */ = {
			isa = PBXResourcesBuildPhase;
			buildActionMask = 2147483647;
			files = (
				B1BF92681DD6516C00BECBBB /* helveticaneuecyr-black.otf in Resources */,
				B14E976C1DD8B8CB001E1DE2 /* SignInShow.storyboard in Resources */,
				B1BF92691DD6516C00BECBBB /* helveticaneuecyr-blackitalic.otf in Resources */,
				B1BF926A1DD6516C00BECBBB /* helveticaneuecyr-bold.otf in Resources */,
				B1BF926B1DD6516C00BECBBB /* helveticaneuecyr-bolditalic.otf in Resources */,
				B1BF926C1DD6516C00BECBBB /* helveticaneuecyr-heavy.otf in Resources */,
				B1BF926D1DD6516C00BECBBB /* helveticaneuecyr-heavyitalic.otf in Resources */,
				B1BF926E1DD6516C00BECBBB /* helveticaneuecyr-italic.otf in Resources */,
				B1BF926F1DD6516C00BECBBB /* helveticaneuecyr-light.otf in Resources */,
				B1BF92701DD6516C00BECBBB /* helveticaneuecyr-lightitalic.otf in Resources */,
				B1BF92711DD6516C00BECBBB /* helveticaneuecyr-medium.otf in Resources */,
				B1BF92721DD6516C00BECBBB /* helveticaneuecyr-mediumitaicl.otf in Resources */,
				B1BF92731DD6516C00BECBBB /* helveticaneuecyr-roman.otf in Resources */,
				B1BF92741DD6516C00BECBBB /* helveticaneuecyr-thin.otf in Resources */,
				B1BF92751DD6516C00BECBBB /* helveticaneuecyr-thinitalic.otf in Resources */,
				B1BF92761DD6516C00BECBBB /* helveticaneuecyr-ultralight.otf in Resources */,
				B1BF92771DD6516C00BECBBB /* helveticaneuecyr-ultralightitalic.otf in Resources */,
				B1BF92781DD6516C00BECBBB /* UBUNTU-B.TTF in Resources */,
				B1BF92791DD6516C00BECBBB /* UBUNTU-BI.TTF in Resources */,
				B1BF927A1DD6516C00BECBBB /* UBUNTU-C.TTF in Resources */,
				B1BF927B1DD6516C00BECBBB /* UBUNTU-I.TTF in Resources */,
				B1BF927C1DD6516C00BECBBB /* UBUNTU-L.TTF in Resources */,
				B1BF927D1DD6516C00BECBBB /* UBUNTU-LI.TTF in Resources */,
				B1BF927E1DD6516C00BECBBB /* UBUNTU-M.TTF in Resources */,
				B1BF927F1DD6516C00BECBBB /* UBUNTU-MI.TTF in Resources */,
				B1BF92801DD6516C00BECBBB /* UBUNTU-R.TTF in Resources */,
				B1228FAF1DD44D5900A90FBB /* TopBarView.xib in Resources */,
				B122F2321DD35EF10018A701 /* NewsShow.storyboard in Resources */,
				B122F2301DD35EE10018A701 /* CategoriesShow.storyboard in Resources */,
				B122F22A1DD35D6F0018A701 /* OrdersShow.storyboard in Resources */,
				B122F22C1DD35E550018A701 /* MessagesShow.storyboard in Resources */,
				B122F2481DD393330018A701 /* Localizable.strings in Resources */,
				B15FD4141DD1DD8C00782324 /* LaunchScreen.storyboard in Resources */,
				B122F1BF1DD3575E0018A701 /* SlideMenuShow.storyboard in Resources */,
				B15FD4111DD1DD8C00782324 /* Assets.xcassets in Resources */,
				B122F22E1DD35ECC0018A701 /* FavoriteShow.storyboard in Resources */,
			);
			runOnlyForDeploymentPostprocessing = 0;
		};
/* End PBXResourcesBuildPhase section */

/* Begin PBXShellScriptBuildPhase section */
		301D6FDE06EAF74B8EA1FA2C /* [CP] Embed Pods Frameworks */ = {
			isa = PBXShellScriptBuildPhase;
			buildActionMask = 2147483647;
			files = (
			);
			inputPaths = (
			);
			name = "[CP] Embed Pods Frameworks";
			outputPaths = (
			);
			runOnlyForDeploymentPostprocessing = 0;
			shellPath = /bin/sh;
			shellScript = "\"${SRCROOT}/Pods/Target Support Files/Pods-OmnieCommerce/Pods-OmnieCommerce-frameworks.sh\"\n";
			showEnvVarsInLog = 0;
		};
		4DFE75489A5B7434FD9BD351 /* [CP] Check Pods Manifest.lock */ = {
			isa = PBXShellScriptBuildPhase;
			buildActionMask = 2147483647;
			files = (
			);
			inputPaths = (
			);
			name = "[CP] Check Pods Manifest.lock";
			outputPaths = (
			);
			runOnlyForDeploymentPostprocessing = 0;
			shellPath = /bin/sh;
			shellScript = "diff \"${PODS_ROOT}/../Podfile.lock\" \"${PODS_ROOT}/Manifest.lock\" > /dev/null\nif [ $? != 0 ] ; then\n    # print error to STDERR\n    echo \"error: The sandbox is not in sync with the Podfile.lock. Run 'pod install' or update your CocoaPods installation.\" >&2\n    exit 1\nfi\n";
			showEnvVarsInLog = 0;
		};
		F1A5DC9819D333494AB95284 /* [CP] Copy Pods Resources */ = {
			isa = PBXShellScriptBuildPhase;
			buildActionMask = 2147483647;
			files = (
			);
			inputPaths = (
			);
			name = "[CP] Copy Pods Resources";
			outputPaths = (
			);
			runOnlyForDeploymentPostprocessing = 0;
			shellPath = /bin/sh;
			shellScript = "\"${SRCROOT}/Pods/Target Support Files/Pods-OmnieCommerce/Pods-OmnieCommerce-resources.sh\"\n";
			showEnvVarsInLog = 0;
		};
/* End PBXShellScriptBuildPhase section */

/* Begin PBXSourcesBuildPhase section */
		B15FD4021DD1DD8C00782324 /* Sources */ = {
			isa = PBXSourcesBuildPhase;
			buildActionMask = 2147483647;
			files = (
				B122F1F91DD35BC70018A701 /* FavoriteShowModels.swift in Sources */,
				B122F1FB1DD35BC70018A701 /* FavoriteShowRouter.swift in Sources */,
				B122F2171DD35C2C0018A701 /* NewsShowRouter.swift in Sources */,
				B122F2051DD35BEB0018A701 /* CategoriesShowConfigurator.swift in Sources */,
				B122F2091DD35BEB0018A701 /* CategoriesShowRouter.swift in Sources */,
				B122F1EB1DD35BA70018A701 /* MessagesShowModels.swift in Sources */,
				B122F2261DD35CC80018A701 /* SlideMenuShowRouter.swift in Sources */,
				B1228FB51DD4856A00A90FBB /* MenuItem.swift in Sources */,
				B122F1DB1DD35B760018A701 /* OrdersShowConfigurator.swift in Sources */,
				B14E97691DD8B05E001E1DE2 /* ForgotPasswordShowViewController.swift in Sources */,
				B122F2281DD35CC80018A701 /* SlideMenuShowWorker.swift in Sources */,
				B122F2071DD35BEB0018A701 /* CategoriesShowModels.swift in Sources */,
				B1228FAD1DD44D3400A90FBB /* TopBarView.swift in Sources */,
				B122F1DD1DD35B760018A701 /* OrdersShowModels.swift in Sources */,
				B14E97591DD8B052001E1DE2 /* SignUpShowPresenter.swift in Sources */,
				B14E97561DD8B052001E1DE2 /* SignUpShowConfigurator.swift in Sources */,
				B14E97671DD8B05E001E1DE2 /* ForgotPasswordShowPresenter.swift in Sources */,
				B122F1DF1DD35B760018A701 /* OrdersShowRouter.swift in Sources */,
				B122F1E11DD35B760018A701 /* OrdersShowWorker.swift in Sources */,
				B122F2191DD35C2C0018A701 /* NewsShowWorker.swift in Sources */,
				B122F1ED1DD35BA70018A701 /* MessagesShowRouter.swift in Sources */,
				B14E97491DD8B042001E1DE2 /* SignInShowInteractor.swift in Sources */,
				B15FD40A1DD1DD8C00782324 /* AppDelegate.swift in Sources */,
				B122F2161DD35C2C0018A701 /* NewsShowPresenter.swift in Sources */,
				B122F20B1DD35BEB0018A701 /* CategoriesShowWorker.swift in Sources */,
				B14E97641DD8B05E001E1DE2 /* ForgotPasswordShowConfigurator.swift in Sources */,
				B122F2221DD35CC80018A701 /* SlideMenuShowConfigurator.swift in Sources */,
				B14E974A1DD8B042001E1DE2 /* SignInShowModels.swift in Sources */,
				B122F1E01DD35B760018A701 /* OrdersShowViewController.swift in Sources */,
				B122F1FD1DD35BC70018A701 /* FavoriteShowWorker.swift in Sources */,
				B14E974D1DD8B042001E1DE2 /* SignInShowViewController.swift in Sources */,
				B122F2081DD35BEB0018A701 /* CategoriesShowPresenter.swift in Sources */,
				B122F20A1DD35BEB0018A701 /* CategoriesShowViewController.swift in Sources */,
				B122F2151DD35C2C0018A701 /* NewsShowModels.swift in Sources */,
				B14E974C1DD8B042001E1DE2 /* SignInShowRouter.swift in Sources */,
				B14E97651DD8B05E001E1DE2 /* ForgotPasswordShowInteractor.swift in Sources */,
				B14E97661DD8B05E001E1DE2 /* ForgotPasswordShowModels.swift in Sources */,
				B14E974E1DD8B042001E1DE2 /* SignInShowWorker.swift in Sources */,
				B122F2251DD35CC80018A701 /* SlideMenuShowPresenter.swift in Sources */,
				B14E975C1DD8B052001E1DE2 /* SignUpShowWorker.swift in Sources */,
				B122F1EC1DD35BA70018A701 /* MessagesShowPresenter.swift in Sources */,
				B1228FBD1DD4BEAB00A90FBB /* CircleButton.swift in Sources */,
				B122F1DE1DD35B760018A701 /* OrdersShowPresenter.swift in Sources */,
				B14E975B1DD8B052001E1DE2 /* SignUpShowViewController.swift in Sources */,
				B1228FBA1DD49ED400A90FBB /* BaseViewController.swift in Sources */,
				B122F2271DD35CC80018A701 /* SlideMenuShowViewController.swift in Sources */,
				B1228FB21DD47C9F00A90FBB /* MenuViewCell.swift in Sources */,
				B122F1EA1DD35BA70018A701 /* MessagesShowInteractor.swift in Sources */,
				B14E97481DD8B042001E1DE2 /* SignInShowConfigurator.swift in Sources */,
				B122F2141DD35C2C0018A701 /* NewsShowInteractor.swift in Sources */,
				B14E97571DD8B052001E1DE2 /* SignUpShowInteractor.swift in Sources */,
				B122F1FC1DD35BC70018A701 /* FavoriteShowViewController.swift in Sources */,
				B122F1E91DD35BA70018A701 /* MessagesShowConfigurator.swift in Sources */,
				B1BF92441DD5FC8000BECBBB /* Config.swift in Sources */,
				B122F2231DD35CC80018A701 /* SlideMenuShowInteractor.swift in Sources */,
				B122F1EE1DD35BA70018A701 /* MessagesShowViewController.swift in Sources */,
				B122F1F71DD35BC70018A701 /* FavoriteShowConfigurator.swift in Sources */,
				B122F2061DD35BEB0018A701 /* CategoriesShowInteractor.swift in Sources */,
				B122F1EF1DD35BA70018A701 /* MessagesShowWorker.swift in Sources */,
				B122F2241DD35CC80018A701 /* SlideMenuShowModels.swift in Sources */,
				B122F2131DD35C2C0018A701 /* NewsShowConfigurator.swift in Sources */,
				B122F1FA1DD35BC70018A701 /* FavoriteShowPresenter.swift in Sources */,
				B122F2411DD371B30018A701 /* BaseNavigationController.swift in Sources */,
				B122F1DC1DD35B760018A701 /* OrdersShowInteractor.swift in Sources */,
				B14E97681DD8B05E001E1DE2 /* ForgotPasswordShowRouter.swift in Sources */,
				B14E97581DD8B052001E1DE2 /* SignUpShowModels.swift in Sources */,
				B14E974B1DD8B042001E1DE2 /* SignInShowPresenter.swift in Sources */,
				B14E975A1DD8B052001E1DE2 /* SignUpShowRouter.swift in Sources */,
				B122F2181DD35C2C0018A701 /* NewsShowViewController.swift in Sources */,
				B122F1F81DD35BC70018A701 /* FavoriteShowInteractor.swift in Sources */,
				B14E976A1DD8B05E001E1DE2 /* ForgotPasswordShowWorker.swift in Sources */,
			);
			runOnlyForDeploymentPostprocessing = 0;
		};
/* End PBXSourcesBuildPhase section */

/* Begin PBXVariantGroup section */
		B122F24A1DD393330018A701 /* Localizable.strings */ = {
			isa = PBXVariantGroup;
			children = (
				B122F2491DD393330018A701 /* Base */,
				B122F24B1DD393340018A701 /* en */,
				B122F24C1DD393350018A701 /* ru */,
				B122F24D1DD393360018A701 /* uk */,
			);
			name = Localizable.strings;
			sourceTree = "<group>";
		};
		B15FD4121DD1DD8C00782324 /* LaunchScreen.storyboard */ = {
			isa = PBXVariantGroup;
			children = (
				B15FD4131DD1DD8C00782324 /* Base */,
				B122F2431DD38A3E0018A701 /* ru */,
				B122F2441DD38A450018A701 /* uk */,
			);
			name = LaunchScreen.storyboard;
			path = ..;
			sourceTree = "<group>";
		};
/* End PBXVariantGroup section */

/* Begin XCBuildConfiguration section */
		B15FD4161DD1DD8C00782324 /* Debug */ = {
			isa = XCBuildConfiguration;
			buildSettings = {
				ALWAYS_SEARCH_USER_PATHS = NO;
				CLANG_ANALYZER_LOCALIZABILITY_NONLOCALIZED = YES;
				CLANG_ANALYZER_NONNULL = YES;
				CLANG_CXX_LANGUAGE_STANDARD = "gnu++0x";
				CLANG_CXX_LIBRARY = "libc++";
				CLANG_ENABLE_MODULES = YES;
				CLANG_ENABLE_OBJC_ARC = YES;
				CLANG_WARN_BOOL_CONVERSION = YES;
				CLANG_WARN_CONSTANT_CONVERSION = YES;
				CLANG_WARN_DIRECT_OBJC_ISA_USAGE = YES_ERROR;
				CLANG_WARN_DOCUMENTATION_COMMENTS = YES;
				CLANG_WARN_EMPTY_BODY = YES;
				CLANG_WARN_ENUM_CONVERSION = YES;
				CLANG_WARN_INFINITE_RECURSION = YES;
				CLANG_WARN_INT_CONVERSION = YES;
				CLANG_WARN_OBJC_ROOT_CLASS = YES_ERROR;
				CLANG_WARN_SUSPICIOUS_MOVE = YES;
				CLANG_WARN_SUSPICIOUS_MOVES = YES;
				CLANG_WARN_UNREACHABLE_CODE = YES;
				CLANG_WARN__DUPLICATE_METHOD_MATCH = YES;
				"CODE_SIGN_IDENTITY[sdk=iphoneos*]" = "iPhone Developer";
				COPY_PHASE_STRIP = NO;
				DEBUG_INFORMATION_FORMAT = dwarf;
				ENABLE_STRICT_OBJC_MSGSEND = YES;
				ENABLE_TESTABILITY = YES;
				GCC_C_LANGUAGE_STANDARD = gnu99;
				GCC_DYNAMIC_NO_PIC = NO;
				GCC_NO_COMMON_BLOCKS = YES;
				GCC_OPTIMIZATION_LEVEL = 0;
				GCC_PREPROCESSOR_DEFINITIONS = (
					"DEBUG=1",
					"$(inherited)",
				);
				GCC_WARN_64_TO_32_BIT_CONVERSION = YES;
				GCC_WARN_ABOUT_RETURN_TYPE = YES_ERROR;
				GCC_WARN_UNDECLARED_SELECTOR = YES;
				GCC_WARN_UNINITIALIZED_AUTOS = YES_AGGRESSIVE;
				GCC_WARN_UNUSED_FUNCTION = YES;
				GCC_WARN_UNUSED_VARIABLE = YES;
				IPHONEOS_DEPLOYMENT_TARGET = 10.1;
				MTL_ENABLE_DEBUG_INFO = YES;
				ONLY_ACTIVE_ARCH = YES;
				SDKROOT = iphoneos;
				SWIFT_ACTIVE_COMPILATION_CONDITIONS = DEBUG;
				SWIFT_OPTIMIZATION_LEVEL = "-Onone";
				TARGETED_DEVICE_FAMILY = "1,2";
			};
			name = Debug;
		};
		B15FD4171DD1DD8C00782324 /* Release */ = {
			isa = XCBuildConfiguration;
			buildSettings = {
				ALWAYS_SEARCH_USER_PATHS = NO;
				CLANG_ANALYZER_LOCALIZABILITY_NONLOCALIZED = YES;
				CLANG_ANALYZER_NONNULL = YES;
				CLANG_CXX_LANGUAGE_STANDARD = "gnu++0x";
				CLANG_CXX_LIBRARY = "libc++";
				CLANG_ENABLE_MODULES = YES;
				CLANG_ENABLE_OBJC_ARC = YES;
				CLANG_WARN_BOOL_CONVERSION = YES;
				CLANG_WARN_CONSTANT_CONVERSION = YES;
				CLANG_WARN_DIRECT_OBJC_ISA_USAGE = YES_ERROR;
				CLANG_WARN_DOCUMENTATION_COMMENTS = YES;
				CLANG_WARN_EMPTY_BODY = YES;
				CLANG_WARN_ENUM_CONVERSION = YES;
				CLANG_WARN_INFINITE_RECURSION = YES;
				CLANG_WARN_INT_CONVERSION = YES;
				CLANG_WARN_OBJC_ROOT_CLASS = YES_ERROR;
				CLANG_WARN_SUSPICIOUS_MOVE = YES;
				CLANG_WARN_SUSPICIOUS_MOVES = YES;
				CLANG_WARN_UNREACHABLE_CODE = YES;
				CLANG_WARN__DUPLICATE_METHOD_MATCH = YES;
				"CODE_SIGN_IDENTITY[sdk=iphoneos*]" = "iPhone Developer";
				COPY_PHASE_STRIP = NO;
				DEBUG_INFORMATION_FORMAT = "dwarf-with-dsym";
				ENABLE_NS_ASSERTIONS = NO;
				ENABLE_STRICT_OBJC_MSGSEND = YES;
				GCC_C_LANGUAGE_STANDARD = gnu99;
				GCC_NO_COMMON_BLOCKS = YES;
				GCC_WARN_64_TO_32_BIT_CONVERSION = YES;
				GCC_WARN_ABOUT_RETURN_TYPE = YES_ERROR;
				GCC_WARN_UNDECLARED_SELECTOR = YES;
				GCC_WARN_UNINITIALIZED_AUTOS = YES_AGGRESSIVE;
				GCC_WARN_UNUSED_FUNCTION = YES;
				GCC_WARN_UNUSED_VARIABLE = YES;
				IPHONEOS_DEPLOYMENT_TARGET = 10.1;
				MTL_ENABLE_DEBUG_INFO = NO;
				SDKROOT = iphoneos;
				SWIFT_OPTIMIZATION_LEVEL = "-Owholemodule";
				TARGETED_DEVICE_FAMILY = "1,2";
				VALIDATE_PRODUCT = YES;
			};
			name = Release;
		};
		B15FD4191DD1DD8C00782324 /* Debug */ = {
			isa = XCBuildConfiguration;
			baseConfigurationReference = 6AA4A159468D8EA48A132ED8 /* Pods-OmnieCommerce.debug.xcconfig */;
			buildSettings = {
				ALWAYS_EMBED_SWIFT_STANDARD_LIBRARIES = YES;
				ASSETCATALOG_COMPILER_APPICON_NAME = AppIcon;
				CLANG_ENABLE_MODULES = YES;
				GCC_PREPROCESSOR_DEFINITIONS = "$(inherited)";
				INFOPLIST_FILE = OmnieCommerce/Info.plist;
				LD_RUNPATH_SEARCH_PATHS = "$(inherited) @executable_path/Frameworks";
				PRODUCT_BUNDLE_IDENTIFIER = ua.com.omniesoft.OmnieCommerce;
				PRODUCT_NAME = "$(TARGET_NAME)";
				SWIFT_OBJC_BRIDGING_HEADER = "";
				SWIFT_OPTIMIZATION_LEVEL = "-Onone";
				SWIFT_VERSION = 3.0;
				TARGETED_DEVICE_FAMILY = "1,2";
			};
			name = Debug;
		};
		B15FD41A1DD1DD8C00782324 /* Release */ = {
			isa = XCBuildConfiguration;
			baseConfigurationReference = ED913E9D2C7028252CE0B73A /* Pods-OmnieCommerce.release.xcconfig */;
			buildSettings = {
				ALWAYS_EMBED_SWIFT_STANDARD_LIBRARIES = YES;
				ASSETCATALOG_COMPILER_APPICON_NAME = AppIcon;
				CLANG_ENABLE_MODULES = YES;
				GCC_PREPROCESSOR_DEFINITIONS = "$(inherited)";
				INFOPLIST_FILE = OmnieCommerce/Info.plist;
				LD_RUNPATH_SEARCH_PATHS = "$(inherited) @executable_path/Frameworks";
				PRODUCT_BUNDLE_IDENTIFIER = ua.com.omniesoft.OmnieCommerce;
				PRODUCT_NAME = "$(TARGET_NAME)";
				SWIFT_OBJC_BRIDGING_HEADER = "";
				SWIFT_VERSION = 3.0;
				TARGETED_DEVICE_FAMILY = "1,2";
			};
			name = Release;
		};
/* End XCBuildConfiguration section */

/* Begin XCConfigurationList section */
		B15FD4011DD1DD8C00782324 /* Build configuration list for PBXProject "OmnieCommerce" */ = {
			isa = XCConfigurationList;
			buildConfigurations = (
				B15FD4161DD1DD8C00782324 /* Debug */,
				B15FD4171DD1DD8C00782324 /* Release */,
			);
			defaultConfigurationIsVisible = 0;
			defaultConfigurationName = Release;
		};
		B15FD4181DD1DD8C00782324 /* Build configuration list for PBXNativeTarget "OmnieCommerce" */ = {
			isa = XCConfigurationList;
			buildConfigurations = (
				B15FD4191DD1DD8C00782324 /* Debug */,
				B15FD41A1DD1DD8C00782324 /* Release */,
			);
			defaultConfigurationIsVisible = 0;
			defaultConfigurationName = Release;
		};
/* End XCConfigurationList section */
	};
	rootObject = B15FD3FE1DD1DD8C00782324 /* Project object */;
}
